
Microsoft Visual Studio Solution File, Format Version 12.00
# Visual Studio Version 17
VisualStudioVersion = 17.14.36127.28
MinimumVisualStudioVersion = 10.0.40219.1
Project("{2150E333-8FDC-42A3-9474-1A3956D46DE8}") = "src", "src", "{02EA681E-C7D8-13C7-8484-4AC65E1B71E8}"
EndProject
Project("{2150E333-8FDC-42A3-9474-1A3956D46DE8}") = "test", "test", "{D5C9EFD0-6B3C-4661-A550-727B4A4A16D1}"
EndProject
Project("{FAE04EC0-301F-11D3-BF4B-00C04F79EFBC}") = "Dispatcher", "src\Dispatcher\Dispatcher.csproj", "{D681565E-04F1-03F7-3443-3F0BE273FB10}"
EndProject
Project("{FAE04EC0-301F-11D3-BF4B-00C04F79EFBC}") = "Dispatcher.OtherAssembly", "test\Dispatcher.OtherAssembly\Dispatcher.OtherAssembly.csproj", "{38A3CC9E-3719-4E71-B8FF-36D7EDDC26CC}"
EndProject
Project("{FAE04EC0-301F-11D3-BF4B-00C04F79EFBC}") = "Dispatcher.Tests", "test\Dispatcher.Tests\Dispatcher.Tests.csproj", "{6396838F-46B0-4559-7AE3-627FC6066769}"
EndProject
Project("{FAE04EC0-301F-11D3-BF4B-00C04F79EFBC}") = "Dispatcher.Interfaces", "Dispatcher.Interfaces\Dispatcher.Interfaces.csproj", "{B857D893-D324-468E-B9DA-18F8FDF1D49B}"
EndProject
Global
	GlobalSection(SolutionConfigurationPlatforms) = preSolution
		Debug|Any CPU = Debug|Any CPU
		Release|Any CPU = Release|Any CPU
	EndGlobalSection
	GlobalSection(ProjectConfigurationPlatforms) = postSolution
		{D681565E-04F1-03F7-3443-3F0BE273FB10}.Debug|Any CPU.ActiveCfg = Debug|Any CPU
		{D681565E-04F1-03F7-3443-3F0BE273FB10}.Debug|Any CPU.Build.0 = Debug|Any CPU
		{D681565E-04F1-03F7-3443-3F0BE273FB10}.Release|Any CPU.ActiveCfg = Release|Any CPU
		{D681565E-04F1-03F7-3443-3F0BE273FB10}.Release|Any CPU.Build.0 = Release|Any CPU
		{38A3CC9E-3719-4E71-B8FF-36D7EDDC26CC}.Debug|Any CPU.ActiveCfg = Debug|Any CPU
		{38A3CC9E-3719-4E71-B8FF-36D7EDDC26CC}.Debug|Any CPU.Build.0 = Debug|Any CPU
		{38A3CC9E-3719-4E71-B8FF-36D7EDDC26CC}.Release|Any CPU.ActiveCfg = Release|Any CPU
		{38A3CC9E-3719-4E71-B8FF-36D7EDDC26CC}.Release|Any CPU.Build.0 = Release|Any CPU
		{6396838F-46B0-4559-7AE3-627FC6066769}.Debug|Any CPU.ActiveCfg = Debug|Any CPU
		{6396838F-46B0-4559-7AE3-627FC6066769}.Debug|Any CPU.Build.0 = Debug|Any CPU
		{6396838F-46B0-4559-7AE3-627FC6066769}.Release|Any CPU.ActiveCfg = Release|Any CPU
		{6396838F-46B0-4559-7AE3-627FC6066769}.Release|Any CPU.Build.0 = Release|Any CPU
		{B857D893-D324-468E-B9DA-18F8FDF1D49B}.Debug|Any CPU.ActiveCfg = Debug|Any CPU
		{B857D893-D324-468E-B9DA-18F8FDF1D49B}.Debug|Any CPU.Build.0 = Debug|Any CPU
		{B857D893-D324-468E-B9DA-18F8FDF1D49B}.Release|Any CPU.ActiveCfg = Release|Any CPU
		{B857D893-D324-468E-B9DA-18F8FDF1D49B}.Release|Any CPU.Build.0 = Release|Any CPU
	EndGlobalSection
	GlobalSection(SolutionProperties) = preSolution
		HideSolutionNode = FALSE
	EndGlobalSection
	GlobalSection(NestedProjects) = preSolution
		{D681565E-04F1-03F7-3443-3F0BE273FB10} = {02EA681E-C7D8-13C7-8484-4AC65E1B71E8}
		{38A3CC9E-3719-4E71-B8FF-36D7EDDC26CC} = {D5C9EFD0-6B3C-4661-A550-727B4A4A16D1}
		{6396838F-46B0-4559-7AE3-627FC6066769} = {D5C9EFD0-6B3C-4661-A550-727B4A4A16D1}
		{B857D893-D324-468E-B9DA-18F8FDF1D49B} = {02EA681E-C7D8-13C7-8484-4AC65E1B71E8}
	EndGlobalSection
	GlobalSection(ExtensibilityGlobals) = postSolution
		SolutionGuid = {6F54A3B9-D854-4550-BDB7-5C2545D18145}
	EndGlobalSection
EndGlobal
